
Microsoft Visual Studio Solution File, Format Version 12.00
# Visual Studio 15
VisualStudioVersion = 15.0.28307.757
MinimumVisualStudioVersion = 10.0.40219.1
Project("{FAE04EC0-301F-11D3-BF4B-00C04F79EFBC}") = "WebSiteMVC", "WebSiteMVC\WebSiteMVC.csproj", "{739DBFD6-F6D1-440B-AFA8-AA94A61D298E}"
EndProject
Global
	GlobalSection(SolutionConfigurationPlatforms) = preSolution
		Debug|Any CPU = Debug|Any CPU
		Release|Any CPU = Release|Any CPU
	EndGlobalSection
	GlobalSection(ProjectConfigurationPlatforms) = postSolution
		{739DBFD6-F6D1-440B-AFA8-AA94A61D298E}.Debug|Any CPU.ActiveCfg = Debug|Any CPU
		{739DBFD6-F6D1-440B-AFA8-AA94A61D298E}.Debug|Any CPU.Build.0 = Debug|Any CPU
		{739DBFD6-F6D1-440B-AFA8-AA94A61D298E}.Release|Any CPU.ActiveCfg = Release|Any CPU
		{739DBFD6-F6D1-440B-AFA8-AA94A61D298E}.Release|Any CPU.Build.0 = Release|Any CPU
	EndGlobalSection
	GlobalSection(SolutionProperties) = preSolution
		HideSolutionNode = FALSE
	EndGlobalSection
	GlobalSection(ExtensibilityGlobals) = postSolution
		SolutionGuid = {86D7992A-D2D8-4E5A-ACDE-E319FCFF1C1D}
	EndGlobalSection
EndGlobal
